Microsoft Visual Studio Solution File, Format Version 11.00
# Visual Studio 2008

Project("{529129B2-E1E1-E980-8C7C-1551E941CA98}") = "United Colors 3D", "Assembly-CSharp.csproj", "{0D7869D8-20CF-B348-2643-0FC738ADC2F5}"
EndProject
Global
	GlobalSection(SolutionConfigurationPlatforms) = preSolution
		Debug|Any CPU = Debug|Any CPU
		Release|Any CPU = Release|Any CPU
	EndGlobalSection
	GlobalSection(ProjectConfigurationPlatforms) = postSolution
		{0D7869D8-20CF-B348-2643-0FC738ADC2F5}.Debug|Any CPU.ActiveCfg = Debug|Any CPU
		{0D7869D8-20CF-B348-2643-0FC738ADC2F5}.Debug|Any CPU.Build.0 = Debug|Any CPU
		{0D7869D8-20CF-B348-2643-0FC738ADC2F5}.Release|Any CPU.ActiveCfg = Release|Any CPU
		{0D7869D8-20CF-B348-2643-0FC738ADC2F5}.Release|Any CPU.Build.0 = Release|Any CPU
	EndGlobalSection
	GlobalSection(SolutionProperties) = preSolution
		HideSolutionNode = FALSE
	EndGlobalSection
	GlobalSection(MonoDevelopProperties) = preSolution
		StartupItem = Assembly-CSharp.csproj
	EndGlobalSection
EndGlobal
